
Microsoft Visual Studio Solution File, Format Version 12.00
# Visual Studio Version 16
VisualStudioVersion = 16.0.31402.337
MinimumVisualStudioVersion = 10.0.40219.1
Project("{8BC9CEB8-8B4A-11D0-8D11-00A0C91BC942}") = "ospj", "ospj\ospj.vcxproj", "{CFC52CCD-7C43-4442-9B72-285D5A5F8780}"
EndProject
Global
	GlobalSection(SolutionConfigurationPlatforms) = preSolution
		Debug|x64 = Debug|x64
		Debug|x86 = Debug|x86
		Release|x64 = Release|x64
		Release|x86 = Release|x86
	EndGlobalSection
	GlobalSection(ProjectConfigurationPlatforms) = postSolution
		{CFC52CCD-7C43-4442-9B72-285D5A5F8780}.Debug|x64.ActiveCfg = Debug|x64
		{CFC52CCD-7C43-4442-9B72-285D5A5F8780}.Debug|x64.Build.0 = Debug|x64
		{CFC52CCD-7C43-4442-9B72-285D5A5F8780}.Debug|x86.ActiveCfg = Debug|Win32
		{CFC52CCD-7C43-4442-9B72-285D5A5F8780}.Debug|x86.Build.0 = Debug|Win32
		{CFC52CCD-7C43-4442-9B72-285D5A5F8780}.Release|x64.ActiveCfg = Release|x64
		{CFC52CCD-7C43-4442-9B72-285D5A5F8780}.Release|x64.Build.0 = Release|x64
		{CFC52CCD-7C43-4442-9B72-285D5A5F8780}.Release|x86.ActiveCfg = Release|Win32
		{CFC52CCD-7C43-4442-9B72-285D5A5F8780}.Release|x86.Build.0 = Release|Win32
	EndGlobalSection
	GlobalSection(SolutionProperties) = preSolution
		HideSolutionNode = FALSE
	EndGlobalSection
	GlobalSection(ExtensibilityGlobals) = postSolution
		SolutionGuid = {8FBC41D1-ECCC-4AC0-A907-1C4594CD9AE7}
	EndGlobalSection
EndGlobal
